{
  "name": "marian",
  "version": "0.1.0",
  "lockfileVersion": 1,
  "dependencies": {
    "aws-sdk": {
      "version": "2.81.0",
      "resolved": "https://registry.npmjs.org/aws-sdk/-/aws-sdk-2.81.0.tgz",
      "integrity": "sha1-SJeaPwCZH9Q7hw7q6nmt4QF2HkE="
    },
    "base64-js": {
      "version": "1.2.1",
      "resolved": "https://registry.npmjs.org/base64-js/-/base64-js-1.2.1.tgz",
      "integrity": "sha512-dwVUVIXsBZXwTuwnXI9RK8sBmgq09NDHzyR9SAph9eqk76gKK2JSQmZARC2zRC81JC2QTtxD0ARU5qTS25gIGw=="
    },
    "basic-logger": {
      "version": "0.4.4",
      "resolved": "https://registry.npmjs.org/basic-logger/-/basic-logger-0.4.4.tgz",
      "integrity": "sha1-EeF+sE/uP8JS49bGvgZeWomI+Ac="
    },
    "buffer": {
      "version": "4.9.1",
      "resolved": "https://registry.npmjs.org/buffer/-/buffer-4.9.1.tgz",
      "integrity": "sha1-bRu2AbB6TvztlwlBMgkwJ8lbwpg="
    },
    "crypto-browserify": {
      "version": "1.0.9",
      "resolved": "https://registry.npmjs.org/crypto-browserify/-/crypto-browserify-1.0.9.tgz",
      "integrity": "sha1-zFRJaF37hesRyYKKzHy4erW7/MA="
    },
    "ieee754": {
      "version": "1.1.8",
      "resolved": "https://registry.npmjs.org/ieee754/-/ieee754-1.1.8.tgz",
      "integrity": "sha1-vjPUCsEO8ZJnAfbwii2G+/0a0+Q="
    },
    "iltorb": {
      "version": "1.3.3",
      "resolved": "https://registry.npmjs.org/iltorb/-/iltorb-1.3.3.tgz",
      "integrity": "sha512-iM5C8cclYyVHCaWpfTrRrqwbU3qdbep5kSAG6xaBhvRDBunfOKmzMQw5dhoC0DCmiSrlEVYmYUT5DH7DExuFeg==",
      "dependencies": {
        "abbrev": {
          "version": "1.1.0",
          "bundled": true
        },
        "ajv": {
          "version": "4.11.8",
          "bundled": true
        },
        "ansi-regex": {
          "version": "2.1.1",
          "bundled": true
        },
        "aproba": {
          "version": "1.1.1",
          "bundled": true
        },
        "are-we-there-yet": {
          "version": "1.1.4",
          "bundled": true
        },
        "asn1": {
          "version": "0.2.3",
          "bundled": true
        },
        "assert-plus": {
          "version": "0.2.0",
          "bundled": true
        },
        "asynckit": {
          "version": "0.4.0",
          "bundled": true
        },
        "aws-sign2": {
          "version": "0.6.0",
          "bundled": true
        },
        "aws4": {
          "version": "1.6.0",
          "bundled": true
        },
        "balanced-match": {
          "version": "0.4.2",
          "bundled": true
        },
        "bcrypt-pbkdf": {
          "version": "1.0.1",
          "bundled": true,
          "optional": true
        },
        "block-stream": {
          "version": "0.0.9",
          "bundled": true
        },
        "boom": {
          "version": "2.10.1",
          "bundled": true
        },
        "brace-expansion": {
          "version": "1.1.7",
          "bundled": true
        },
        "buffer-shims": {
          "version": "1.0.0",
          "bundled": true
        },
        "caseless": {
          "version": "0.12.0",
          "bundled": true
        },
        "co": {
          "version": "4.6.0",
          "bundled": true
        },
        "code-point-at": {
          "version": "1.1.0",
          "bundled": true
        },
        "combined-stream": {
          "version": "1.0.5",
          "bundled": true
        },
        "concat-map": {
          "version": "0.0.1",
          "bundled": true
        },
        "console-control-strings": {
          "version": "1.1.0",
          "bundled": true
        },
        "core-util-is": {
          "version": "1.0.2",
          "bundled": true
        },
        "cryptiles": {
          "version": "2.0.5",
          "bundled": true
        },
        "dashdash": {
          "version": "1.14.1",
          "bundled": true,
          "dependencies": {
            "assert-plus": {
              "version": "1.0.0",
              "bundled": true
            }
          }
        },
        "debug": {
          "version": "2.6.8",
          "bundled": true
        },
        "deep-extend": {
          "version": "0.4.2",
          "bundled": true
        },
        "delayed-stream": {
          "version": "1.0.0",
          "bundled": true
        },
        "delegates": {
          "version": "1.0.0",
          "bundled": true
        },
        "ecc-jsbn": {
          "version": "0.1.1",
          "bundled": true,
          "optional": true
        },
        "extend": {
          "version": "3.0.1",
          "bundled": true
        },
        "extsprintf": {
          "version": "1.0.2",
          "bundled": true
        },
        "forever-agent": {
          "version": "0.6.1",
          "bundled": true
        },
        "form-data": {
          "version": "2.1.4",
          "bundled": true
        },
        "fs.realpath": {
          "version": "1.0.0",
          "bundled": true
        },
        "fstream": {
          "version": "1.0.11",
          "bundled": true
        },
        "fstream-ignore": {
          "version": "1.0.5",
          "bundled": true
        },
        "gauge": {
          "version": "2.7.4",
          "bundled": true
        },
        "getpass": {
          "version": "0.1.7",
          "bundled": true,
          "dependencies": {
            "assert-plus": {
              "version": "1.0.0",
              "bundled": true
            }
          }
        },
        "glob": {
          "version": "7.1.2",
          "bundled": true
        },
        "graceful-fs": {
          "version": "4.1.11",
          "bundled": true
        },
        "har-schema": {
          "version": "1.0.5",
          "bundled": true
        },
        "har-validator": {
          "version": "4.2.1",
          "bundled": true
        },
        "has-unicode": {
          "version": "2.0.1",
          "bundled": true
        },
        "hawk": {
          "version": "3.1.3",
          "bundled": true
        },
        "hoek": {
          "version": "2.16.3",
          "bundled": true
        },
        "http-signature": {
          "version": "1.1.1",
          "bundled": true
        },
        "inflight": {
          "version": "1.0.6",
          "bundled": true
        },
        "inherits": {
          "version": "2.0.3",
          "bundled": true
        },
        "ini": {
          "version": "1.3.4",
          "bundled": true
        },
        "is-fullwidth-code-point": {
          "version": "1.0.0",
          "bundled": true
        },
        "is-typedarray": {
          "version": "1.0.0",
          "bundled": true
        },
        "isarray": {
          "version": "1.0.0",
          "bundled": true
        },
        "isstream": {
          "version": "0.1.2",
          "bundled": true
        },
        "jodid25519": {
          "version": "1.0.2",
          "bundled": true,
          "optional": true
        },
        "jsbn": {
          "version": "0.1.1",
          "bundled": true,
          "optional": true
        },
        "json-schema": {
          "version": "0.2.3",
          "bundled": true
        },
        "json-stable-stringify": {
          "version": "1.0.1",
          "bundled": true
        },
        "json-stringify-safe": {
          "version": "5.0.1",
          "bundled": true
        },
        "jsonify": {
          "version": "0.0.0",
          "bundled": true
        },
        "jsprim": {
          "version": "1.4.0",
          "bundled": true,
          "dependencies": {
            "assert-plus": {
              "version": "1.0.0",
              "bundled": true
            }
          }
        },
        "mime-db": {
          "version": "1.27.0",
          "bundled": true
        },
        "mime-types": {
          "version": "2.1.15",
          "bundled": true
        },
        "minimatch": {
          "version": "3.0.4",
          "bundled": true
        },
        "minimist": {
          "version": "0.0.8",
          "bundled": true
        },
        "mkdirp": {
          "version": "0.5.1",
          "bundled": true
        },
        "ms": {
          "version": "2.0.0",
          "bundled": true
        },
        "node-pre-gyp": {
          "version": "0.6.34",
          "bundled": true
        },
        "nopt": {
          "version": "4.0.1",
          "bundled": true
        },
        "npmlog": {
          "version": "4.1.0",
          "bundled": true
        },
        "number-is-nan": {
          "version": "1.0.1",
          "bundled": true
        },
        "oauth-sign": {
          "version": "0.8.2",
          "bundled": true
        },
        "object-assign": {
          "version": "4.1.1",
          "bundled": true
        },
        "once": {
          "version": "1.4.0",
          "bundled": true
        },
        "os-homedir": {
          "version": "1.0.2",
          "bundled": true
        },
        "os-tmpdir": {
          "version": "1.0.2",
          "bundled": true
        },
        "osenv": {
          "version": "0.1.4",
          "bundled": true
        },
        "path-is-absolute": {
          "version": "1.0.1",
          "bundled": true
        },
        "performance-now": {
          "version": "0.2.0",
          "bundled": true
        },
        "process-nextick-args": {
          "version": "1.0.7",
          "bundled": true
        },
        "punycode": {
          "version": "1.4.1",
          "bundled": true
        },
        "qs": {
          "version": "6.4.0",
          "bundled": true
        },
        "rc": {
          "version": "1.2.1",
          "bundled": true,
          "dependencies": {
            "minimist": {
              "version": "1.2.0",
              "bundled": true
            }
          }
        },
        "readable-stream": {
          "version": "2.2.9",
          "bundled": true
        },
        "request": {
          "version": "2.81.0",
          "bundled": true
        },
        "rimraf": {
          "version": "2.6.1",
          "bundled": true
        },
        "safe-buffer": {
          "version": "5.0.1",
          "bundled": true
        },
        "semver": {
          "version": "5.3.0",
          "bundled": true
        },
        "set-blocking": {
          "version": "2.0.0",
          "bundled": true
        },
        "signal-exit": {
          "version": "3.0.2",
          "bundled": true
        },
        "sntp": {
          "version": "1.0.9",
          "bundled": true
        },
        "sshpk": {
          "version": "1.13.0",
          "bundled": true,
          "dependencies": {
            "assert-plus": {
              "version": "1.0.0",
              "bundled": true
            }
          }
        },
        "string_decoder": {
          "version": "1.0.1",
          "bundled": true
        },
        "string-width": {
          "version": "1.0.2",
          "bundled": true
        },
        "stringstream": {
          "version": "0.0.5",
          "bundled": true
        },
        "strip-ansi": {
          "version": "3.0.1",
          "bundled": true
        },
        "strip-json-comments": {
          "version": "2.0.1",
          "bundled": true
        },
        "tar": {
          "version": "2.2.1",
          "bundled": true
        },
        "tar-pack": {
          "version": "3.4.0",
          "bundled": true
        },
        "tough-cookie": {
          "version": "2.3.2",
          "bundled": true
        },
        "tunnel-agent": {
          "version": "0.6.0",
          "bundled": true
        },
        "tweetnacl": {
          "version": "0.14.5",
          "bundled": true,
          "optional": true
        },
        "uid-number": {
          "version": "0.0.6",
          "bundled": true
        },
        "util-deprecate": {
          "version": "1.0.2",
          "bundled": true
        },
        "uuid": {
          "version": "3.0.1",
          "bundled": true
        },
        "verror": {
          "version": "1.3.6",
          "bundled": true
        },
        "wide-align": {
          "version": "1.1.2",
          "bundled": true
        },
        "wrappy": {
          "version": "1.0.2",
          "bundled": true
        }
      }
    },
    "isarray": {
      "version": "1.0.0",
      "resolved": "https://registry.npmjs.org/isarray/-/isarray-1.0.0.tgz",
      "integrity": "sha1-u5NdSFgsuhaMBoNJV6VKPgcSTxE="
    },
    "jmespath": {
      "version": "0.15.0",
      "resolved": "https://registry.npmjs.org/jmespath/-/jmespath-0.15.0.tgz",
      "integrity": "sha1-o/Iiqarp+Wb10nx5ZRDigJF2Qhc="
    },
    "lodash": {
      "version": "4.17.4",
      "resolved": "https://registry.npmjs.org/lodash/-/lodash-4.17.4.tgz",
      "integrity": "sha1-eCA6TRwyiuHYbcpkYONptX9AVa4="
    },
    "lunr": {
      "version": "git+https://github.com/i80and/lunr.js.git#41c7db350c269b3df64543321df04307720fc617"
    },
    "nan": {
      "version": "2.6.2",
      "resolved": "https://registry.npmjs.org/nan/-/nan-2.6.2.tgz",
      "integrity": "sha1-5P805slf37WuzAjeZZb0NgWn20U="
    },
    "pkginfo": {
      "version": "0.2.3",
      "resolved": "https://registry.npmjs.org/pkginfo/-/pkginfo-0.2.3.tgz",
      "integrity": "sha1-cjnEKl72wwuPMoQ52bn/cQQkkPg="
    },
    "punycode": {
      "version": "1.3.2",
      "resolved": "https://registry.npmjs.org/punycode/-/punycode-1.3.2.tgz",
      "integrity": "sha1-llOgNvt8HuQjQvIyXM7v6jkmxI0="
    },
    "querystring": {
      "version": "0.2.0",
      "resolved": "https://registry.npmjs.org/querystring/-/querystring-0.2.0.tgz",
      "integrity": "sha1-sgmEkgO7Jd+CDadW50cAWHhSFiA="
    },
    "sax": {
      "version": "1.2.1",
      "resolved": "https://registry.npmjs.org/sax/-/sax-1.2.1.tgz",
      "integrity": "sha1-e45lYZCyKOgaZq6nSEgNgozS03o="
    },
    "tiny-worker": {
      "version": "2.1.1",
      "resolved": "https://registry.npmjs.org/tiny-worker/-/tiny-worker-2.1.1.tgz",
      "integrity": "sha1-BUbxQ35Dud4lPvqtI1BHZ31zVls="
    },
    "underscore": {
      "version": "1.2.4",
      "resolved": "https://registry.npmjs.org/underscore/-/underscore-1.2.4.tgz",
      "integrity": "sha1-6NpiQaoG9k3yRzuyWQuMF8hMPH4="
    },
    "url": {
      "version": "0.10.3",
      "resolved": "https://registry.npmjs.org/url/-/url-0.10.3.tgz",
      "integrity": "sha1-Ah5NnHcF8hu/N9A861h2dAJ3TGQ="
    },
    "uuid": {
      "version": "3.0.1",
      "resolved": "https://registry.npmjs.org/uuid/-/uuid-3.0.1.tgz",
      "integrity": "sha1-ZUS7ot/ajBzxfmKaOjBeK7H+5sE="
    },
    "xml2js": {
      "version": "0.4.17",
      "resolved": "https://registry.npmjs.org/xml2js/-/xml2js-0.4.17.tgz",
      "integrity": "sha1-F76T6q4/O3eTWceVtBlwWogX6Gg="
    },
    "xmlbuilder": {
      "version": "4.2.1",
      "resolved": "https://registry.npmjs.org/xmlbuilder/-/xmlbuilder-4.2.1.tgz",
      "integrity": "sha1-qlijBBoGb5DqoWwvU4n/GfP0YaU="
    }
  }
}
